// !$*UTF8*$!
{
	archiveVersion = 1;
	classes = {
	};
	objectVersion = 56;
	objects = {

/* Begin PBXBuildFile section */
		C7086EAB2D12C35100288CA4 /* Common.swift in Sources */ = {isa = PBXBuildFile; fileRef = C7086EAA2D12C35100288CA4 /* Common.swift */; };
		C7086EAD2D12C5EC00288CA4 /* ManagePersonExtension.swift in Sources */ = {isa = PBXBuildFile; fileRef = C7086EAC2D12C5EC00288CA4 /* ManagePersonExtension.swift */; };
		C70DE49A2D129C8B006B0CEF /* SplitViewController.swift in Sources */ = {isa = PBXBuildFile; fileRef = C70DE4992D129C8B006B0CEF /* SplitViewController.swift */; };
		C70DE49C2D12BF9F006B0CEF /* DoubleExtended.swift in Sources */ = {isa = PBXBuildFile; fileRef = C70DE49B2D12BF9F006B0CEF /* DoubleExtended.swift */; };
		C72282412D11AB09009D0FB0 /* UIButtonCornerRadius.swift in Sources */ = {isa = PBXBuildFile; fileRef = C722823C2D11AB09009D0FB0 /* UIButtonCornerRadius.swift */; };
		C72282422D11AB09009D0FB0 /* UIButtonExtended.swift in Sources */ = {isa = PBXBuildFile; fileRef = C722823D2D11AB09009D0FB0 /* UIButtonExtended.swift */; };
		C72282432D11AB09009D0FB0 /* UIButtonGradiant.swift in Sources */ = {isa = PBXBuildFile; fileRef = C722823E2D11AB09009D0FB0 /* UIButtonGradiant.swift */; };
		C72282442D11AB09009D0FB0 /* UIButtonBorderWidthAndColor.swift in Sources */ = {isa = PBXBuildFile; fileRef = C722823F2D11AB09009D0FB0 /* UIButtonBorderWidthAndColor.swift */; };
		C72282452D11AB09009D0FB0 /* UIButtonSublayerBorderWidthAndColor.swift in Sources */ = {isa = PBXBuildFile; fileRef = C72282402D11AB09009D0FB0 /* UIButtonSublayerBorderWidthAndColor.swift */; };
		C77341242D113762009E9021 /* AppDelegate.swift in Sources */ = {isa = PBXBuildFile; fileRef = C77341232D113762009E9021 /* AppDelegate.swift */; };
		C77341262D113762009E9021 /* SceneDelegate.swift in Sources */ = {isa = PBXBuildFile; fileRef = C77341252D113762009E9021 /* SceneDelegate.swift */; };
		C773412B2D113762009E9021 /* Main.storyboard in Resources */ = {isa = PBXBuildFile; fileRef = C77341292D113762009E9021 /* Main.storyboard */; };
		C773412E2D113762009E9021 /* Assignment_SunishRam_Kanini.xcdatamodeld in Sources */ = {isa = PBXBuildFile; fileRef = C773412C2D113762009E9021 /* Assignment_SunishRam_Kanini.xcdatamodeld */; };
		C77341302D113763009E9021 /* Assets.xcassets in Resources */ = {isa = PBXBuildFile; fileRef = C773412F2D113763009E9021 /* Assets.xcassets */; };
		C77341332D113763009E9021 /* LaunchScreen.storyboard in Resources */ = {isa = PBXBuildFile; fileRef = C77341312D113763009E9021 /* LaunchScreen.storyboard */; };
		C773413E2D113763009E9021 /* Assignment_SunishRam_KaniniTests.swift in Sources */ = {isa = PBXBuildFile; fileRef = C773413D2D113763009E9021 /* Assignment_SunishRam_KaniniTests.swift */; };
		C77341482D113763009E9021 /* Assignment_SunishRam_KaniniUITests.swift in Sources */ = {isa = PBXBuildFile; fileRef = C77341472D113763009E9021 /* Assignment_SunishRam_KaniniUITests.swift */; };
		C773414A2D113763009E9021 /* Assignment_SunishRam_KaniniUITestsLaunchTests.swift in Sources */ = {isa = PBXBuildFile; fileRef = C77341492D113763009E9021 /* Assignment_SunishRam_KaniniUITestsLaunchTests.swift */; };
		C77341602D113937009E9021 /* Person.swift in Sources */ = {isa = PBXBuildFile; fileRef = C773415F2D113937009E9021 /* Person.swift */; };
		C77341632D113B65009E9021 /* PersistentStorage.swift in Sources */ = {isa = PBXBuildFile; fileRef = C77341622D113B65009E9021 /* PersistentStorage.swift */; };
		C773416D2D113D94009E9021 /* PersonDataRepository.swift in Sources */ = {isa = PBXBuildFile; fileRef = C773416C2D113D94009E9021 /* PersonDataRepository.swift */; };
		C773417A2D11400F009E9021 /* PersonViewModel.swift in Sources */ = {isa = PBXBuildFile; fileRef = C77341792D11400F009E9021 /* PersonViewModel.swift */; };
		C773417F2D114551009E9021 /* PersonListTVC.swift in Sources */ = {isa = PBXBuildFile; fileRef = C773417E2D114551009E9021 /* PersonListTVC.swift */; };
		C77341822D114649009E9021 /* PersonExtension.swift in Sources */ = {isa = PBXBuildFile; fileRef = C77341812D114649009E9021 /* PersonExtension.swift */; };
		C77341872D116771009E9021 /* PersonListVC.swift in Sources */ = {isa = PBXBuildFile; fileRef = C77341862D116771009E9021 /* PersonListVC.swift */; };
		C784946C2D1171B80059C990 /* PersonManager.swift in Sources */ = {isa = PBXBuildFile; fileRef = C784946B2D1171B80059C990 /* PersonManager.swift */; };
		C78494732D1180EA0059C990 /* CDPerson+CoreDataClass.swift in Sources */ = {isa = PBXBuildFile; fileRef = C78494712D1180EA0059C990 /* CDPerson+CoreDataClass.swift */; };
		C78494742D1180EA0059C990 /* CDPerson+CoreDataProperties.swift in Sources */ = {isa = PBXBuildFile; fileRef = C78494722D1180EA0059C990 /* CDPerson+CoreDataProperties.swift */; };
		C78494772D11876A0059C990 /* AddPersonValidation.swift in Sources */ = {isa = PBXBuildFile; fileRef = C78494762D1187690059C990 /* AddPersonValidation.swift */; };
		C784947F2D1190930059C990 /* BaseClassVC.swift in Sources */ = {isa = PBXBuildFile; fileRef = C784947E2D1190930059C990 /* BaseClassVC.swift */; };
		C784953E2D119B270059C990 /* UITableViewCellExtended.swift in Sources */ = {isa = PBXBuildFile; fileRef = C784948B2D119B260059C990 /* UITableViewCellExtended.swift */; };
		C78495572D119B270059C990 /* UIViewBorderWidthAndColor.swift in Sources */ = {isa = PBXBuildFile; fileRef = C78494A92D119B260059C990 /* UIViewBorderWidthAndColor.swift */; };
		C78495582D119B270059C990 /* UIViewControllerExtension.swift in Sources */ = {isa = PBXBuildFile; fileRef = C78494AA2D119B260059C990 /* UIViewControllerExtension.swift */; };
		C78495592D119B270059C990 /* UIViewExtended.swift in Sources */ = {isa = PBXBuildFile; fileRef = C78494AB2D119B260059C990 /* UIViewExtended.swift */; };
		C784955A2D119B270059C990 /* UIviewCornerRadius.swift in Sources */ = {isa = PBXBuildFile; fileRef = C78494AC2D119B260059C990 /* UIviewCornerRadius.swift */; };
		C78495672D119B270059C990 /* RSPickerView.swift in Sources */ = {isa = PBXBuildFile; fileRef = C78494C22D119B260059C990 /* RSPickerView.swift */; };
		C78495872D119B270059C990 /* RSDatePicker.swift in Sources */ = {isa = PBXBuildFile; fileRef = C78494EA2D119B260059C990 /* RSDatePicker.swift */; };
		C78495882D119B270059C990 /* String+Utilities.swift in Sources */ = {isa = PBXBuildFile; fileRef = C78494EC2D119B260059C990 /* String+Utilities.swift */; };
		C78495CB2D119CF50059C990 /* SharedClass.swift in Sources */ = {isa = PBXBuildFile; fileRef = C78495CA2D119CF50059C990 /* SharedClass.swift */; };
		C78F486C2D12670500C0B0F8 /* HomeViewController.swift in Sources */ = {isa = PBXBuildFile; fileRef = C78F486B2D12670500C0B0F8 /* HomeViewController.swift */; };
		C78F486E2D12673C00C0B0F8 /* HomeViewModel.swift in Sources */ = {isa = PBXBuildFile; fileRef = C78F486D2D12673C00C0B0F8 /* HomeViewModel.swift */; };
		C78F48742D12685900C0B0F8 /* HomeExtension.swift in Sources */ = {isa = PBXBuildFile; fileRef = C78F48732D12685900C0B0F8 /* HomeExtension.swift */; };
		C78F48772D12688300C0B0F8 /* HomeTvc.swift in Sources */ = {isa = PBXBuildFile; fileRef = C78F48762D12688300C0B0F8 /* HomeTvc.swift */; };
		C7B8B9112D134D3500106D4F /* ManagePersonDetailsVC.swift in Sources */ = {isa = PBXBuildFile; fileRef = C7B8B9102D134D3500106D4F /* ManagePersonDetailsVC.swift */; };
/* End PBXBuildFile section */

/* Begin PBXContainerItemProxy section */
		C773413A2D113763009E9021 /* PBXContainerItemProxy */ = {
			isa = PBXContainerItemProxy;
			containerPortal = C77341182D113762009E9021 /* Project object */;
			proxyType = 1;
			remoteGlobalIDString = C773411F2D113762009E9021;
			remoteInfo = Assignment_SunishRam_Kanini;
		};
		C77341442D113763009E9021 /* PBXContainerItemProxy */ = {
			isa = PBXContainerItemProxy;
			containerPortal = C77341182D113762009E9021 /* Project object */;
			proxyType = 1;
			remoteGlobalIDString = C773411F2D113762009E9021;
			remoteInfo = Assignment_SunishRam_Kanini;
		};
/* End PBXContainerItemProxy section */

/* Begin PBXFileReference section */
		C7086EAA2D12C35100288CA4 /* Common.swift */ = {isa = PBXFileReference; lastKnownFileType = sourcecode.swift; path = Common.swift; sourceTree = "<group>"; };
		C7086EAC2D12C5EC00288CA4 /* ManagePersonExtension.swift */ = {isa = PBXFileReference; lastKnownFileType = sourcecode.swift; path = ManagePersonExtension.swift; sourceTree = "<group>"; };
		C70DE4992D129C8B006B0CEF /* SplitViewController.swift */ = {isa = PBXFileReference; lastKnownFileType = sourcecode.swift; path = SplitViewController.swift; sourceTree = "<group>"; };
		C70DE49B2D12BF9F006B0CEF /* DoubleExtended.swift */ = {isa = PBXFileReference; fileEncoding = 4; lastKnownFileType = sourcecode.swift; path = DoubleExtended.swift; sourceTree = "<group>"; };
		C722823C2D11AB09009D0FB0 /* UIButtonCornerRadius.swift */ = {isa = PBXFileReference; fileEncoding = 4; lastKnownFileType = sourcecode.swift; path = UIButtonCornerRadius.swift; sourceTree = "<group>"; };
		C722823D2D11AB09009D0FB0 /* UIButtonExtended.swift */ = {isa = PBXFileReference; fileEncoding = 4; lastKnownFileType = sourcecode.swift; path = UIButtonExtended.swift; sourceTree = "<group>"; };
		C722823E2D11AB09009D0FB0 /* UIButtonGradiant.swift */ = {isa = PBXFileReference; fileEncoding = 4; lastKnownFileType = sourcecode.swift; path = UIButtonGradiant.swift; sourceTree = "<group>"; };
		C722823F2D11AB09009D0FB0 /* UIButtonBorderWidthAndColor.swift */ = {isa = PBXFileReference; fileEncoding = 4; lastKnownFileType = sourcecode.swift; path = UIButtonBorderWidthAndColor.swift; sourceTree = "<group>"; };
		C72282402D11AB09009D0FB0 /* UIButtonSublayerBorderWidthAndColor.swift */ = {isa = PBXFileReference; fileEncoding = 4; lastKnownFileType = sourcecode.swift; path = UIButtonSublayerBorderWidthAndColor.swift; sourceTree = "<group>"; };
		C77341202D113762009E9021 /* Assignment_SunishRam_Kanini.app */ = {isa = PBXFileReference; explicitFileType = wrapper.application; includeInIndex = 0; path = Assignment_SunishRam_Kanini.app; sourceTree = BUILT_PRODUCTS_DIR; };
		C77341232D113762009E9021 /* AppDelegate.swift */ = {isa = PBXFileReference; lastKnownFileType = sourcecode.swift; path = AppDelegate.swift; sourceTree = "<group>"; };
		C77341252D113762009E9021 /* SceneDelegate.swift */ = {isa = PBXFileReference; lastKnownFileType = sourcecode.swift; path = SceneDelegate.swift; sourceTree = "<group>"; };
		C773412A2D113762009E9021 /* Base */ = {isa = PBXFileReference; lastKnownFileType = file.storyboard; name = Base; path = Base.lproj/Main.storyboard; sourceTree = "<group>"; };
		C773412D2D113762009E9021 /* Assignment_SunishRam_Kanini.xcdatamodel */ = {isa = PBXFileReference; lastKnownFileType = wrapper.xcdatamodel; path = Assignment_SunishRam_Kanini.xcdatamodel; sourceTree = "<group>"; };
		C773412F2D113763009E9021 /* Assets.xcassets */ = {isa = PBXFileReference; lastKnownFileType = folder.assetcatalog; path = Assets.xcassets; sourceTree = "<group>"; };
		C77341322D113763009E9021 /* Base */ = {isa = PBXFileReference; lastKnownFileType = file.storyboard; name = Base; path = Base.lproj/LaunchScreen.storyboard; sourceTree = "<group>"; };
		C77341342D113763009E9021 /* Info.plist */ = {isa = PBXFileReference; lastKnownFileType = text.plist.xml; path = Info.plist; sourceTree = "<group>"; };
		C77341392D113763009E9021 /* Assignment_SunishRam_KaniniTests.xctest */ = {isa = PBXFileReference; explicitFileType = wrapper.cfbundle; includeInIndex = 0; path = Assignment_SunishRam_KaniniTests.xctest; sourceTree = BUILT_PRODUCTS_DIR; };
		C773413D2D113763009E9021 /* Assignment_SunishRam_KaniniTests.swift */ = {isa = PBXFileReference; lastKnownFileType = sourcecode.swift; path = Assignment_SunishRam_KaniniTests.swift; sourceTree = "<group>"; };
		C77341432D113763009E9021 /* Assignment_SunishRam_KaniniUITests.xctest */ = {isa = PBXFileReference; explicitFileType = wrapper.cfbundle; includeInIndex = 0; path = Assignment_SunishRam_KaniniUITests.xctest; sourceTree = BUILT_PRODUCTS_DIR; };
		C77341472D113763009E9021 /* Assignment_SunishRam_KaniniUITests.swift */ = {isa = PBXFileReference; lastKnownFileType = sourcecode.swift; path = Assignment_SunishRam_KaniniUITests.swift; sourceTree = "<group>"; };
		C77341492D113763009E9021 /* Assignment_SunishRam_KaniniUITestsLaunchTests.swift */ = {isa = PBXFileReference; lastKnownFileType = sourcecode.swift; path = Assignment_SunishRam_KaniniUITestsLaunchTests.swift; sourceTree = "<group>"; };
		C773415F2D113937009E9021 /* Person.swift */ = {isa = PBXFileReference; lastKnownFileType = sourcecode.swift; path = Person.swift; sourceTree = "<group>"; };
		C77341622D113B65009E9021 /* PersistentStorage.swift */ = {isa = PBXFileReference; lastKnownFileType = sourcecode.swift; path = PersistentStorage.swift; sourceTree = "<group>"; };
		C773416C2D113D94009E9021 /* PersonDataRepository.swift */ = {isa = PBXFileReference; lastKnownFileType = sourcecode.swift; path = PersonDataRepository.swift; sourceTree = "<group>"; };
		C77341792D11400F009E9021 /* PersonViewModel.swift */ = {isa = PBXFileReference; lastKnownFileType = sourcecode.swift; path = PersonViewModel.swift; sourceTree = "<group>"; };
		C773417E2D114551009E9021 /* PersonListTVC.swift */ = {isa = PBXFileReference; lastKnownFileType = sourcecode.swift; path = PersonListTVC.swift; sourceTree = "<group>"; };
		C77341812D114649009E9021 /* PersonExtension.swift */ = {isa = PBXFileReference; lastKnownFileType = sourcecode.swift; path = PersonExtension.swift; sourceTree = "<group>"; };
		C77341862D116771009E9021 /* PersonListVC.swift */ = {isa = PBXFileReference; lastKnownFileType = sourcecode.swift; path = PersonListVC.swift; sourceTree = "<group>"; };
		C784946B2D1171B80059C990 /* PersonManager.swift */ = {isa = PBXFileReference; lastKnownFileType = sourcecode.swift; path = PersonManager.swift; sourceTree = "<group>"; };
		C78494712D1180EA0059C990 /* CDPerson+CoreDataClass.swift */ = {isa = PBXFileReference; lastKnownFileType = sourcecode.swift; path = "CDPerson+CoreDataClass.swift"; sourceTree = SOURCE_ROOT; };
		C78494722D1180EA0059C990 /* CDPerson+CoreDataProperties.swift */ = {isa = PBXFileReference; lastKnownFileType = sourcecode.swift; path = "CDPerson+CoreDataProperties.swift"; sourceTree = SOURCE_ROOT; };
		C78494762D1187690059C990 /* AddPersonValidation.swift */ = {isa = PBXFileReference; lastKnownFileType = sourcecode.swift; path = AddPersonValidation.swift; sourceTree = "<group>"; };
		C784947E2D1190930059C990 /* BaseClassVC.swift */ = {isa = PBXFileReference; lastKnownFileType = sourcecode.swift; path = BaseClassVC.swift; sourceTree = "<group>"; };
		C784948B2D119B260059C990 /* UITableViewCellExtended.swift */ = {isa = PBXFileReference; fileEncoding = 4; lastKnownFileType = sourcecode.swift; path = UITableViewCellExtended.swift; sourceTree = "<group>"; };
		C78494A92D119B260059C990 /* UIViewBorderWidthAndColor.swift */ = {isa = PBXFileReference; fileEncoding = 4; lastKnownFileType = sourcecode.swift; path = UIViewBorderWidthAndColor.swift; sourceTree = "<group>"; };
		C78494AA2D119B260059C990 /* UIViewControllerExtension.swift */ = {isa = PBXFileReference; fileEncoding = 4; lastKnownFileType = sourcecode.swift; path = UIViewControllerExtension.swift; sourceTree = "<group>"; };
		C78494AB2D119B260059C990 /* UIViewExtended.swift */ = {isa = PBXFileReference; fileEncoding = 4; lastKnownFileType = sourcecode.swift; path = UIViewExtended.swift; sourceTree = "<group>"; };
		C78494AC2D119B260059C990 /* UIviewCornerRadius.swift */ = {isa = PBXFileReference; fileEncoding = 4; lastKnownFileType = sourcecode.swift; path = UIviewCornerRadius.swift; sourceTree = "<group>"; };
		C78494C22D119B260059C990 /* RSPickerView.swift */ = {isa = PBXFileReference; fileEncoding = 4; lastKnownFileType = sourcecode.swift; path = RSPickerView.swift; sourceTree = "<group>"; };
		C78494EA2D119B260059C990 /* RSDatePicker.swift */ = {isa = PBXFileReference; fileEncoding = 4; lastKnownFileType = sourcecode.swift; path = RSDatePicker.swift; sourceTree = "<group>"; };
		C78494EC2D119B260059C990 /* String+Utilities.swift */ = {isa = PBXFileReference; fileEncoding = 4; lastKnownFileType = sourcecode.swift; path = "String+Utilities.swift"; sourceTree = "<group>"; };
		C78495CA2D119CF50059C990 /* SharedClass.swift */ = {isa = PBXFileReference; fileEncoding = 4; lastKnownFileType = sourcecode.swift; path = SharedClass.swift; sourceTree = "<group>"; };
		C78F486B2D12670500C0B0F8 /* HomeViewController.swift */ = {isa = PBXFileReference; lastKnownFileType = sourcecode.swift; path = HomeViewController.swift; sourceTree = "<group>"; };
		C78F486D2D12673C00C0B0F8 /* HomeViewModel.swift */ = {isa = PBXFileReference; lastKnownFileType = sourcecode.swift; path = HomeViewModel.swift; sourceTree = "<group>"; };
		C78F48732D12685900C0B0F8 /* HomeExtension.swift */ = {isa = PBXFileReference; lastKnownFileType = sourcecode.swift; path = HomeExtension.swift; sourceTree = "<group>"; };
		C78F48762D12688300C0B0F8 /* HomeTvc.swift */ = {isa = PBXFileReference; lastKnownFileType = sourcecode.swift; path = HomeTvc.swift; sourceTree = "<group>"; };
		C7B8B9102D134D3500106D4F /* ManagePersonDetailsVC.swift */ = {isa = PBXFileReference; lastKnownFileType = sourcecode.swift; path = ManagePersonDetailsVC.swift; sourceTree = "<group>"; };
/* End PBXFileReference section */

/* Begin PBXFrameworksBuildPhase section */
		C773411D2D113762009E9021 /* Frameworks */ = {
			isa = PBXFrameworksBuildPhase;
			buildActionMask = 2147483647;
			files = (
			);
			runOnlyForDeploymentPostprocessing = 0;
		};
		C77341362D113763009E9021 /* Frameworks */ = {
			isa = PBXFrameworksBuildPhase;
			buildActionMask = 2147483647;
			files = (
			);
			runOnlyForDeploymentPostprocessing = 0;
		};
		C77341402D113763009E9021 /* Frameworks */ = {
			isa = PBXFrameworksBuildPhase;
			buildActionMask = 2147483647;
			files = (
			);
			runOnlyForDeploymentPostprocessing = 0;
		};
/* End PBXFrameworksBuildPhase section */

/* Begin PBXGroup section */
		C7086EA92D12C34400288CA4 /* Common */ = {
			isa = PBXGroup;
			children = (
				C7086EAA2D12C35100288CA4 /* Common.swift */,
				C78495CA2D119CF50059C990 /* SharedClass.swift */,
				C784947E2D1190930059C990 /* BaseClassVC.swift */,
			);
			path = Common;
			sourceTree = "<group>";
		};
		C722823B2D11AB09009D0FB0 /* UIButton */ = {
			isa = PBXGroup;
			children = (
				C722823C2D11AB09009D0FB0 /* UIButtonCornerRadius.swift */,
				C722823D2D11AB09009D0FB0 /* UIButtonExtended.swift */,
				C722823E2D11AB09009D0FB0 /* UIButtonGradiant.swift */,
				C722823F2D11AB09009D0FB0 /* UIButtonBorderWidthAndColor.swift */,
				C72282402D11AB09009D0FB0 /* UIButtonSublayerBorderWidthAndColor.swift */,
			);
			path = UIButton;
			sourceTree = "<group>";
		};
		C77341172D113762009E9021 = {
			isa = PBXGroup;
			children = (
				C77341222D113762009E9021 /* Assignment_SunishRam_Kanini */,
				C773413C2D113763009E9021 /* Assignment_SunishRam_KaniniTests */,
				C77341462D113763009E9021 /* Assignment_SunishRam_KaniniUITests */,
				C77341212D113762009E9021 /* Products */,
			);
			sourceTree = "<group>";
		};
		C77341212D113762009E9021 /* Products */ = {
			isa = PBXGroup;
			children = (
				C77341202D113762009E9021 /* Assignment_SunishRam_Kanini.app */,
				C77341392D113763009E9021 /* Assignment_SunishRam_KaniniTests.xctest */,
				C77341432D113763009E9021 /* Assignment_SunishRam_KaniniUITests.xctest */,
			);
			name = Products;
			sourceTree = "<group>";
		};
		C77341222D113762009E9021 /* Assignment_SunishRam_Kanini */ = {
			isa = PBXGroup;
			children = (
				C77341562D113893009E9021 /* Application */,
				C773415D2D113917009E9021 /* Data */,
				C773415B2D1138F3009E9021 /* Domain */,
				C77341572D11389F009E9021 /* Presentation */,
				C773415A2D1138CD009E9021 /* Resources */,
				C78494802D119B260059C990 /* Utilities */,
				C77341652D113BDA009E9021 /* CoreDataFileManager */,
			);
			path = Assignment_SunishRam_Kanini;
			sourceTree = "<group>";
		};
		C773413C2D113763009E9021 /* Assignment_SunishRam_KaniniTests */ = {
			isa = PBXGroup;
			children = (
				C773413D2D113763009E9021 /* Assignment_SunishRam_KaniniTests.swift */,
			);
			path = Assignment_SunishRam_KaniniTests;
			sourceTree = "<group>";
		};
		C77341462D113763009E9021 /* Assignment_SunishRam_KaniniUITests */ = {
			isa = PBXGroup;
			children = (
				C77341472D113763009E9021 /* Assignment_SunishRam_KaniniUITests.swift */,
				C77341492D113763009E9021 /* Assignment_SunishRam_KaniniUITestsLaunchTests.swift */,
			);
			path = Assignment_SunishRam_KaniniUITests;
			sourceTree = "<group>";
		};
		C77341562D113893009E9021 /* Application */ = {
			isa = PBXGroup;
			children = (
				C77341232D113762009E9021 /* AppDelegate.swift */,
				C77341252D113762009E9021 /* SceneDelegate.swift */,
			);
			path = Application;
			sourceTree = "<group>";
		};
		C77341572D11389F009E9021 /* Presentation */ = {
			isa = PBXGroup;
			children = (
				C77341742D113FAC009E9021 /* Controllers */,
				C78F486A2D12665400C0B0F8 /* Home */,
				C78F48692D12664400C0B0F8 /* Splite */,
			);
			path = Presentation;
			sourceTree = "<group>";
		};
		C77341582D1138B1009E9021 /* ViewModel */ = {
			isa = PBXGroup;
			children = (
				C77341792D11400F009E9021 /* PersonViewModel.swift */,
			);
			path = ViewModel;
			sourceTree = "<group>";
		};
		C773415A2D1138CD009E9021 /* Resources */ = {
			isa = PBXGroup;
			children = (
				C773412F2D113763009E9021 /* Assets.xcassets */,
				C77341312D113763009E9021 /* LaunchScreen.storyboard */,
				C77341342D113763009E9021 /* Info.plist */,
				C773412C2D113762009E9021 /* Assignment_SunishRam_Kanini.xcdatamodeld */,
			);
			path = Resources;
			sourceTree = "<group>";
		};
		C773415B2D1138F3009E9021 /* Domain */ = {
			isa = PBXGroup;
			children = (
				C78494752D1187560059C990 /* UseCases */,
			);
			path = Domain;
			sourceTree = "<group>";
		};
		C773415D2D113917009E9021 /* Data */ = {
			isa = PBXGroup;
			children = (
				C773415E2D11391F009E9021 /* Model */,
			);
			path = Data;
			sourceTree = "<group>";
		};
		C773415E2D11391F009E9021 /* Model */ = {
			isa = PBXGroup;
			children = (
				C773415F2D113937009E9021 /* Person.swift */,
			);
			path = Model;
			sourceTree = "<group>";
		};
		C77341652D113BDA009E9021 /* CoreDataFileManager */ = {
			isa = PBXGroup;
			children = (
				C784946A2D1171A90059C990 /* PersonManager */,
				C77341692D113D4F009E9021 /* Repository */,
				C77341622D113B65009E9021 /* PersistentStorage.swift */,
			);
			path = CoreDataFileManager;
			sourceTree = "<group>";
		};
		C77341692D113D4F009E9021 /* Repository */ = {
			isa = PBXGroup;
			children = (
				C78494712D1180EA0059C990 /* CDPerson+CoreDataClass.swift */,
				C78494722D1180EA0059C990 /* CDPerson+CoreDataProperties.swift */,
				C773416C2D113D94009E9021 /* PersonDataRepository.swift */,
			);
			path = Repository;
			sourceTree = "<group>";
		};
		C77341722D113F67009E9021 /* PersonListVC */ = {
			isa = PBXGroup;
			children = (
				C77341812D114649009E9021 /* PersonExtension.swift */,
				C773417E2D114551009E9021 /* PersonListTVC.swift */,
				C77341862D116771009E9021 /* PersonListVC.swift */,
			);
			path = PersonListVC;
			sourceTree = "<group>";
		};
		C77341732D113F7A009E9021 /* ManagePersonDetails */ = {
			isa = PBXGroup;
			children = (
				C7B8B9102D134D3500106D4F /* ManagePersonDetailsVC.swift */,
				C7086EAC2D12C5EC00288CA4 /* ManagePersonExtension.swift */,
			);
			path = ManagePersonDetails;
			sourceTree = "<group>";
		};
		C77341742D113FAC009E9021 /* Controllers */ = {
			isa = PBXGroup;
			children = (
				C77341292D113762009E9021 /* Main.storyboard */,
			);
			path = Controllers;
			sourceTree = "<group>";
		};
		C784946A2D1171A90059C990 /* PersonManager */ = {
			isa = PBXGroup;
			children = (
				C784946B2D1171B80059C990 /* PersonManager.swift */,
			);
			path = PersonManager;
			sourceTree = "<group>";
		};
		C78494752D1187560059C990 /* UseCases */ = {
			isa = PBXGroup;
			children = (
				C78494762D1187690059C990 /* AddPersonValidation.swift */,
			);
			path = UseCases;
			sourceTree = "<group>";
		};
		C78494802D119B260059C990 /* Utilities */ = {
			isa = PBXGroup;
			children = (
				C7086EA92D12C34400288CA4 /* Common */,
				C722823B2D11AB09009D0FB0 /* UIButton */,
				C78495CF2D11A6A50059C990 /* Double */,
				C784948A2D119B260059C990 /* UITableViewCell */,
				C78494A82D119B260059C990 /* UIView */,
				C78494C12D119B260059C990 /* RSPickerView */,
				C78494E92D119B260059C990 /* RSDatePicker */,
				C78494EB2D119B260059C990 /* String */,
			);
			path = Utilities;
			sourceTree = "<group>";
		};
		C784948A2D119B260059C990 /* UITableViewCell */ = {
			isa = PBXGroup;
			children = (
				C784948B2D119B260059C990 /* UITableViewCellExtended.swift */,
			);
			path = UITableViewCell;
			sourceTree = "<group>";
		};
		C78494A82D119B260059C990 /* UIView */ = {
			isa = PBXGroup;
			children = (
				C78494A92D119B260059C990 /* UIViewBorderWidthAndColor.swift */,
				C78494AA2D119B260059C990 /* UIViewControllerExtension.swift */,
				C78494AB2D119B260059C990 /* UIViewExtended.swift */,
				C78494AC2D119B260059C990 /* UIviewCornerRadius.swift */,
			);
			path = UIView;
			sourceTree = "<group>";
		};
		C78494C12D119B260059C990 /* RSPickerView */ = {
			isa = PBXGroup;
			children = (
				C78494C22D119B260059C990 /* RSPickerView.swift */,
			);
			path = RSPickerView;
			sourceTree = "<group>";
		};
		C78494E92D119B260059C990 /* RSDatePicker */ = {
			isa = PBXGroup;
			children = (
				C78494EA2D119B260059C990 /* RSDatePicker.swift */,
			);
			path = RSDatePicker;
			sourceTree = "<group>";
		};
		C78494EB2D119B260059C990 /* String */ = {
			isa = PBXGroup;
			children = (
				C78494EC2D119B260059C990 /* String+Utilities.swift */,
			);
			path = String;
			sourceTree = "<group>";
		};
		C78495CF2D11A6A50059C990 /* Double */ = {
			isa = PBXGroup;
			children = (
				C70DE49B2D12BF9F006B0CEF /* DoubleExtended.swift */,
			);
			path = Double;
			sourceTree = "<group>";
		};
		C78F48692D12664400C0B0F8 /* Splite */ = {
			isa = PBXGroup;
			children = (
				C78F48712D12682300C0B0F8 /* View */,
				C77341582D1138B1009E9021 /* ViewModel */,
			);
			path = Splite;
			sourceTree = "<group>";
		};
		C78F486A2D12665400C0B0F8 /* Home */ = {
			isa = PBXGroup;
			children = (
				C78F48702D12680400C0B0F8 /* ViewModel */,
				C78F486F2D1267FA00C0B0F8 /* View */,
			);
			path = Home;
			sourceTree = "<group>";
		};
		C78F486F2D1267FA00C0B0F8 /* View */ = {
			isa = PBXGroup;
			children = (
				C78F486B2D12670500C0B0F8 /* HomeViewController.swift */,
				C78F48732D12685900C0B0F8 /* HomeExtension.swift */,
				C78F48762D12688300C0B0F8 /* HomeTvc.swift */,
			);
			path = View;
			sourceTree = "<group>";
		};
		C78F48702D12680400C0B0F8 /* ViewModel */ = {
			isa = PBXGroup;
			children = (
				C78F486D2D12673C00C0B0F8 /* HomeViewModel.swift */,
			);
			path = ViewModel;
			sourceTree = "<group>";
		};
		C78F48712D12682300C0B0F8 /* View */ = {
			isa = PBXGroup;
			children = (
				C77341732D113F7A009E9021 /* ManagePersonDetails */,
				C77341722D113F67009E9021 /* PersonListVC */,
				C70DE4992D129C8B006B0CEF /* SplitViewController.swift */,
			);
			path = View;
			sourceTree = "<group>";
		};
/* End PBXGroup section */

/* Begin PBXNativeTarget section */
		C773411F2D113762009E9021 /* Assignment_SunishRam_Kanini */ = {
			isa = PBXNativeTarget;
			buildConfigurationList = C773414D2D113763009E9021 /* Build configuration list for PBXNativeTarget "Assignment_SunishRam_Kanini" */;
			buildPhases = (
				C773411C2D113762009E9021 /* Sources */,
				C773411D2D113762009E9021 /* Frameworks */,
				C773411E2D113762009E9021 /* Resources */,
			);
			buildRules = (
			);
			dependencies = (
			);
			name = Assignment_SunishRam_Kanini;
			productName = Assignment_SunishRam_Kanini;
			productReference = C77341202D113762009E9021 /* Assignment_SunishRam_Kanini.app */;
			productType = "com.apple.product-type.application";
		};
		C77341382D113763009E9021 /* Assignment_SunishRam_KaniniTests */ = {
			isa = PBXNativeTarget;
			buildConfigurationList = C77341502D113763009E9021 /* Build configuration list for PBXNativeTarget "Assignment_SunishRam_KaniniTests" */;
			buildPhases = (
				C77341352D113763009E9021 /* Sources */,
				C77341362D113763009E9021 /* Frameworks */,
				C77341372D113763009E9021 /* Resources */,
			);
			buildRules = (
			);
			dependencies = (
				C773413B2D113763009E9021 /* PBXTargetDependency */,
			);
			name = Assignment_SunishRam_KaniniTests;
			productName = Assignment_SunishRam_KaniniTests;
			productReference = C77341392D113763009E9021 /* Assignment_SunishRam_KaniniTests.xctest */;
			productType = "com.apple.product-type.bundle.unit-test";
		};
		C77341422D113763009E9021 /* Assignment_SunishRam_KaniniUITests */ = {
			isa = PBXNativeTarget;
			buildConfigurationList = C77341532D113763009E9021 /* Build configuration list for PBXNativeTarget "Assignment_SunishRam_KaniniUITests" */;
			buildPhases = (
				C773413F2D113763009E9021 /* Sources */,
				C77341402D113763009E9021 /* Frameworks */,
				C77341412D113763009E9021 /* Resources */,
			);
			buildRules = (
			);
			dependencies = (
				C77341452D113763009E9021 /* PBXTargetDependency */,
			);
			name = Assignment_SunishRam_KaniniUITests;
			productName = Assignment_SunishRam_KaniniUITests;
			productReference = C77341432D113763009E9021 /* Assignment_SunishRam_KaniniUITests.xctest */;
			productType = "com.apple.product-type.bundle.ui-testing";
		};
/* End PBXNativeTarget section */

/* Begin PBXProject section */
		C77341182D113762009E9021 /* Project object */ = {
			isa = PBXProject;
			attributes = {
				BuildIndependentTargetsInParallel = 1;
				LastSwiftUpdateCheck = 1520;
				LastUpgradeCheck = 1520;
				TargetAttributes = {
					C773411F2D113762009E9021 = {
						CreatedOnToolsVersion = 15.2;
					};
					C77341382D113763009E9021 = {
						CreatedOnToolsVersion = 15.2;
						TestTargetID = C773411F2D113762009E9021;
					};
					C77341422D113763009E9021 = {
						CreatedOnToolsVersion = 15.2;
						TestTargetID = C773411F2D113762009E9021;
					};
				};
			};
			buildConfigurationList = C773411B2D113762009E9021 /* Build configuration list for PBXProject "Assignment_SunishRam_Kanini" */;
			compatibilityVersion = "Xcode 14.0";
			developmentRegion = en;
			hasScannedForEncodings = 0;
			knownRegions = (
				en,
				Base,
			);
			mainGroup = C77341172D113762009E9021;
			productRefGroup = C77341212D113762009E9021 /* Products */;
			projectDirPath = "";
			projectRoot = "";
			targets = (
				C773411F2D113762009E9021 /* Assignment_SunishRam_Kanini */,
				C77341382D113763009E9021 /* Assignment_SunishRam_KaniniTests */,
				C77341422D113763009E9021 /* Assignment_SunishRam_KaniniUITests */,
			);
		};
/* End PBXProject section */

/* Begin PBXResourcesBuildPhase section */
		C773411E2D113762009E9021 /* Resources */ = {
			isa = PBXResourcesBuildPhase;
			buildActionMask = 2147483647;
			files = (
				C77341332D113763009E9021 /* LaunchScreen.storyboard in Resources */,
				C77341302D113763009E9021 /* Assets.xcassets in Resources */,
				C773412B2D113762009E9021 /* Main.storyboard in Resources */,
			);
			runOnlyForDeploymentPostprocessing = 0;
		};
		C77341372D113763009E9021 /* Resources */ = {
			isa = PBXResourcesBuildPhase;
			buildActionMask = 2147483647;
			files = (
			);
			runOnlyForDeploymentPostprocessing = 0;
		};
		C77341412D113763009E9021 /* Resources */ = {
			isa = PBXResourcesBuildPhase;
			buildActionMask = 2147483647;
			files = (
			);
			runOnlyForDeploymentPostprocessing = 0;
		};
/* End PBXResourcesBuildPhase section */

/* Begin PBXSourcesBuildPhase section */
		C773411C2D113762009E9021 /* Sources */ = {
			isa = PBXSourcesBuildPhase;
			buildActionMask = 2147483647;
			files = (
				C784946C2D1171B80059C990 /* PersonManager.swift in Sources */,
				C78495572D119B270059C990 /* UIViewBorderWidthAndColor.swift in Sources */,
				C78495872D119B270059C990 /* RSDatePicker.swift in Sources */,
				C78495582D119B270059C990 /* UIViewControllerExtension.swift in Sources */,
				C78495882D119B270059C990 /* String+Utilities.swift in Sources */,
				C77341632D113B65009E9021 /* PersistentStorage.swift in Sources */,
				C78495672D119B270059C990 /* RSPickerView.swift in Sources */,
				C7086EAD2D12C5EC00288CA4 /* ManagePersonExtension.swift in Sources */,
				C78F486C2D12670500C0B0F8 /* HomeViewController.swift in Sources */,
				C78F48772D12688300C0B0F8 /* HomeTvc.swift in Sources */,
				C773417A2D11400F009E9021 /* PersonViewModel.swift in Sources */,
				C70DE49A2D129C8B006B0CEF /* SplitViewController.swift in Sources */,
				C78495CB2D119CF50059C990 /* SharedClass.swift in Sources */,
				C784947F2D1190930059C990 /* BaseClassVC.swift in Sources */,
				C78F486E2D12673C00C0B0F8 /* HomeViewModel.swift in Sources */,
				C72282432D11AB09009D0FB0 /* UIButtonGradiant.swift in Sources */,
				C77341242D113762009E9021 /* AppDelegate.swift in Sources */,
				C773417F2D114551009E9021 /* PersonListTVC.swift in Sources */,
				C78494732D1180EA0059C990 /* CDPerson+CoreDataClass.swift in Sources */,
				C72282412D11AB09009D0FB0 /* UIButtonCornerRadius.swift in Sources */,
				C773416D2D113D94009E9021 /* PersonDataRepository.swift in Sources */,
				C78494772D11876A0059C990 /* AddPersonValidation.swift in Sources */,
				C72282422D11AB09009D0FB0 /* UIButtonExtended.swift in Sources */,
				C77341872D116771009E9021 /* PersonListVC.swift in Sources */,
				C77341262D113762009E9021 /* SceneDelegate.swift in Sources */,
				C7B8B9112D134D3500106D4F /* ManagePersonDetailsVC.swift in Sources */,
				C77341602D113937009E9021 /* Person.swift in Sources */,
				C72282442D11AB09009D0FB0 /* UIButtonBorderWidthAndColor.swift in Sources */,
				C784953E2D119B270059C990 /* UITableViewCellExtended.swift in Sources */,
				C78F48742D12685900C0B0F8 /* HomeExtension.swift in Sources */,
				C773412E2D113762009E9021 /* Assignment_SunishRam_Kanini.xcdatamodeld in Sources */,
				C78495592D119B270059C990 /* UIViewExtended.swift in Sources */,
				C77341822D114649009E9021 /* PersonExtension.swift in Sources */,
				C784955A2D119B270059C990 /* UIviewCornerRadius.swift in Sources */,
				C7086EAB2D12C35100288CA4 /* Common.swift in Sources */,
				C70DE49C2D12BF9F006B0CEF /* DoubleExtended.swift in Sources */,
				C78494742D1180EA0059C990 /* CDPerson+CoreDataProperties.swift in Sources */,
				C72282452D11AB09009D0FB0 /* UIButtonSublayerBorderWidthAndColor.swift in Sources */,
			);
			runOnlyForDeploymentPostprocessing = 0;
		};
		C77341352D113763009E9021 /* Sources */ = {
			isa = PBXSourcesBuildPhase;
			buildActionMask = 2147483647;
			files = (
				C773413E2D113763009E9021 /* Assignment_SunishRam_KaniniTests.swift in Sources */,
			);
			runOnlyForDeploymentPostprocessing = 0;
		};
		C773413F2D113763009E9021 /* Sources */ = {
			isa = PBXSourcesBuildPhase;
			buildActionMask = 2147483647;
			files = (
				C773414A2D113763009E9021 /* Assignment_SunishRam_KaniniUITestsLaunchTests.swift in Sources */,
				C77341482D113763009E9021 /* Assignment_SunishRam_KaniniUITests.swift in Sources */,
			);
			runOnlyForDeploymentPostprocessing = 0;
		};
/* End PBXSourcesBuildPhase section */

/* Begin PBXTargetDependency section */
		C773413B2D113763009E9021 /* PBXTargetDependency */ = {
			isa = PBXTargetDependency;
			target = C773411F2D113762009E9021 /* Assignment_SunishRam_Kanini */;
			targetProxy = C773413A2D113763009E9021 /* PBXContainerItemProxy */;
		};
		C77341452D113763009E9021 /* PBXTargetDependency */ = {
			isa = PBXTargetDependency;
			target = C773411F2D113762009E9021 /* Assignment_SunishRam_Kanini */;
			targetProxy = C77341442D113763009E9021 /* PBXContainerItemProxy */;
		};
/* End PBXTargetDependency section */

/* Begin PBXVariantGroup section */
		C77341292D113762009E9021 /* Main.storyboard */ = {
			isa = PBXVariantGroup;
			children = (
				C773412A2D113762009E9021 /* Base */,
			);
			name = Main.storyboard;
			sourceTree = "<group>";
		};
		C77341312D113763009E9021 /* LaunchScreen.storyboard */ = {
			isa = PBXVariantGroup;
			children = (
				C77341322D113763009E9021 /* Base */,
			);
			name = LaunchScreen.storyboard;
			sourceTree = "<group>";
		};
/* End PBXVariantGroup section */

/* Begin XCBuildConfiguration section */
		C773414B2D113763009E9021 /* Debug */ = {
			isa = XCBuildConfiguration;
			buildSettings = {
				ALWAYS_SEARCH_USER_PATHS = NO;
				ASSETCATALOG_COMPILER_GENERATE_SWIFT_ASSET_SYMBOL_EXTENSIONS = YES;
				CLANG_ANALYZER_NONNULL = YES;
				CLANG_ANALYZER_NUMBER_OBJECT_CONVERSION = YES_AGGRESSIVE;
				CLANG_CXX_LANGUAGE_STANDARD = "gnu++20";
				CLANG_ENABLE_MODULES = YES;
				CLANG_ENABLE_OBJC_ARC = YES;
				CLANG_ENABLE_OBJC_WEAK = YES;
				CLANG_WARN_BLOCK_CAPTURE_AUTORELEASING = YES;
				CLANG_WARN_BOOL_CONVERSION = YES;
				CLANG_WARN_COMMA = YES;
				CLANG_WARN_CONSTANT_CONVERSION = YES;
				CLANG_WARN_DEPRECATED_OBJC_IMPLEMENTATIONS = YES;
				CLANG_WARN_DIRECT_OBJC_ISA_USAGE = YES_ERROR;
				CLANG_WARN_DOCUMENTATION_COMMENTS = YES;
				CLANG_WARN_EMPTY_BODY = YES;
				CLANG_WARN_ENUM_CONVERSION = YES;
				CLANG_WARN_INFINITE_RECURSION = YES;
				CLANG_WARN_INT_CONVERSION = YES;
				CLANG_WARN_NON_LITERAL_NULL_CONVERSION = YES;
				CLANG_WARN_OBJC_IMPLICIT_RETAIN_SELF = YES;
				CLANG_WARN_OBJC_LITERAL_CONVERSION = YES;
				CLANG_WARN_OBJC_ROOT_CLASS = YES_ERROR;
				CLANG_WARN_QUOTED_INCLUDE_IN_FRAMEWORK_HEADER = YES;
				CLANG_WARN_RANGE_LOOP_ANALYSIS = YES;
				CLANG_WARN_STRICT_PROTOTYPES = YES;
				CLANG_WARN_SUSPICIOUS_MOVE = YES;
				CLANG_WARN_UNGUARDED_AVAILABILITY = YES_AGGRESSIVE;
				CLANG_WARN_UNREACHABLE_CODE = YES;
				CLANG_WARN__DUPLICATE_METHOD_MATCH = YES;
				COPY_PHASE_STRIP = NO;
				DEBUG_INFORMATION_FORMAT = dwarf;
				ENABLE_STRICT_OBJC_MSGSEND = YES;
				ENABLE_TESTABILITY = YES;
				ENABLE_USER_SCRIPT_SANDBOXING = YES;
				GCC_C_LANGUAGE_STANDARD = gnu17;
				GCC_DYNAMIC_NO_PIC = NO;
				GCC_NO_COMMON_BLOCKS = YES;
				GCC_OPTIMIZATION_LEVEL = 0;
				GCC_PREPROCESSOR_DEFINITIONS = (
					"DEBUG=1",
					"$(inherited)",
				);
				GCC_WARN_64_TO_32_BIT_CONVERSION = YES;
				GCC_WARN_ABOUT_RETURN_TYPE = YES_ERROR;
				GCC_WARN_UNDECLARED_SELECTOR = YES;
				GCC_WARN_UNINITIALIZED_AUTOS = YES_AGGRESSIVE;
				GCC_WARN_UNUSED_FUNCTION = YES;
				GCC_WARN_UNUSED_VARIABLE = YES;
				IPHONEOS_DEPLOYMENT_TARGET = 17.2;
				LOCALIZATION_PREFERS_STRING_CATALOGS = YES;
				MTL_ENABLE_DEBUG_INFO = INCLUDE_SOURCE;
				MTL_FAST_MATH = YES;
				ONLY_ACTIVE_ARCH = YES;
				SDKROOT = iphoneos;
				SWIFT_ACTIVE_COMPILATION_CONDITIONS = "DEBUG $(inherited)";
				SWIFT_OPTIMIZATION_LEVEL = "-Onone";
			};
			name = Debug;
		};
		C773414C2D113763009E9021 /* Release */ = {
			isa = XCBuildConfiguration;
			buildSettings = {
				ALWAYS_SEARCH_USER_PATHS = NO;
				ASSETCATALOG_COMPILER_GENERATE_SWIFT_ASSET_SYMBOL_EXTENSIONS = YES;
				CLANG_ANALYZER_NONNULL = YES;
				CLANG_ANALYZER_NUMBER_OBJECT_CONVERSION = YES_AGGRESSIVE;
				CLANG_CXX_LANGUAGE_STANDARD = "gnu++20";
				CLANG_ENABLE_MODULES = YES;
				CLANG_ENABLE_OBJC_ARC = YES;
				CLANG_ENABLE_OBJC_WEAK = YES;
				CLANG_WARN_BLOCK_CAPTURE_AUTORELEASING = YES;
				CLANG_WARN_BOOL_CONVERSION = YES;
				CLANG_WARN_COMMA = YES;
				CLANG_WARN_CONSTANT_CONVERSION = YES;
				CLANG_WARN_DEPRECATED_OBJC_IMPLEMENTATIONS = YES;
				CLANG_WARN_DIRECT_OBJC_ISA_USAGE = YES_ERROR;
				CLANG_WARN_DOCUMENTATION_COMMENTS = YES;
				CLANG_WARN_EMPTY_BODY = YES;
				CLANG_WARN_ENUM_CONVERSION = YES;
				CLANG_WARN_INFINITE_RECURSION = YES;
				CLANG_WARN_INT_CONVERSION = YES;
				CLANG_WARN_NON_LITERAL_NULL_CONVERSION = YES;
				CLANG_WARN_OBJC_IMPLICIT_RETAIN_SELF = YES;
				CLANG_WARN_OBJC_LITERAL_CONVERSION = YES;
				CLANG_WARN_OBJC_ROOT_CLASS = YES_ERROR;
				CLANG_WARN_QUOTED_INCLUDE_IN_FRAMEWORK_HEADER = YES;
				CLANG_WARN_RANGE_LOOP_ANALYSIS = YES;
				CLANG_WARN_STRICT_PROTOTYPES = YES;
				CLANG_WARN_SUSPICIOUS_MOVE = YES;
				CLANG_WARN_UNGUARDED_AVAILABILITY = YES_AGGRESSIVE;
				CLANG_WARN_UNREACHABLE_CODE = YES;
				CLANG_WARN__DUPLICATE_METHOD_MATCH = YES;
				COPY_PHASE_STRIP = NO;
				DEBUG_INFORMATION_FORMAT = "dwarf-with-dsym";
				ENABLE_NS_ASSERTIONS = NO;
				ENABLE_STRICT_OBJC_MSGSEND = YES;
				ENABLE_USER_SCRIPT_SANDBOXING = YES;
				GCC_C_LANGUAGE_STANDARD = gnu17;
				GCC_NO_COMMON_BLOCKS = YES;
				GCC_WARN_64_TO_32_BIT_CONVERSION = YES;
				GCC_WARN_ABOUT_RETURN_TYPE = YES_ERROR;
				GCC_WARN_UNDECLARED_SELECTOR = YES;
				GCC_WARN_UNINITIALIZED_AUTOS = YES_AGGRESSIVE;
				GCC_WARN_UNUSED_FUNCTION = YES;
				GCC_WARN_UNUSED_VARIABLE = YES;
				IPHONEOS_DEPLOYMENT_TARGET = 17.2;
				LOCALIZATION_PREFERS_STRING_CATALOGS = YES;
				MTL_ENABLE_DEBUG_INFO = NO;
				MTL_FAST_MATH = YES;
				SDKROOT = iphoneos;
				SWIFT_COMPILATION_MODE = wholemodule;
				VALIDATE_PRODUCT = YES;
			};
			name = Release;
		};
		C773414E2D113763009E9021 /* Debug */ = {
			isa = XCBuildConfiguration;
			buildSettings = {
				ASSETCATALOG_COMPILER_APPICON_NAME = AppIcon;
				ASSETCATALOG_COMPILER_GLOBAL_ACCENT_COLOR_NAME = AccentColor;
				CODE_SIGN_STYLE = Automatic;
				CURRENT_PROJECT_VERSION = 1;
				DEVELOPMENT_TEAM = XKU3TFWM83;
				GENERATE_INFOPLIST_FILE = YES;
				INFOPLIST_FILE = Assignment_SunishRam_Kanini/Resources/Info.plist;
				INFOPLIST_KEY_UIApplicationSupportsIndirectInputEvents = YES;
				INFOPLIST_KEY_UILaunchStoryboardName = LaunchScreen;
				INFOPLIST_KEY_UIMainStoryboardFile = Main;
				INFOPLIST_KEY_UISupportedInterfaceOrientations = UIInterfaceOrientationPortrait;
				INFOPLIST_KEY_UISupportedInterfaceOrientations_iPad = "UIInterfaceOrientationLandscapeLeft UIInterfaceOrientationLandscapeRight UIInterfaceOrientationPortrait UIInterfaceOrientationPortraitUpsideDown";
				LD_RUNPATH_SEARCH_PATHS = (
					"$(inherited)",
					"@executable_path/Frameworks",
				);
				MARKETING_VERSION = 1.0;
				PRODUCT_BUNDLE_IDENTIFIER = com.assignment.app1;
				PRODUCT_NAME = "$(TARGET_NAME)";
				SWIFT_EMIT_LOC_STRINGS = YES;
				SWIFT_VERSION = 5.0;
				TARGETED_DEVICE_FAMILY = "1,2";
			};
			name = Debug;
		};
		C773414F2D113763009E9021 /* Release */ = {
			isa = XCBuildConfiguration;
			buildSettings = {
				ASSETCATALOG_COMPILER_APPICON_NAME = AppIcon;
				ASSETCATALOG_COMPILER_GLOBAL_ACCENT_COLOR_NAME = AccentColor;
				CODE_SIGN_STYLE = Automatic;
				CURRENT_PROJECT_VERSION = 1;
				DEVELOPMENT_TEAM = XKU3TFWM83;
				GENERATE_INFOPLIST_FILE = YES;
				INFOPLIST_FILE = Assignment_SunishRam_Kanini/Resources/Info.plist;
				INFOPLIST_KEY_UIApplicationSupportsIndirectInputEvents = YES;
				INFOPLIST_KEY_UILaunchStoryboardName = LaunchScreen;
				INFOPLIST_KEY_UIMainStoryboardFile = Main;
				INFOPLIST_KEY_UISupportedInterfaceOrientations = UIInterfaceOrientationPortrait;
				INFOPLIST_KEY_UISupportedInterfaceOrientations_iPad = "UIInterfaceOrientationLandscapeLeft UIInterfaceOrientationLandscapeRight UIInterfaceOrientationPortrait UIInterfaceOrientationPortraitUpsideDown";
				LD_RUNPATH_SEARCH_PATHS = (
					"$(inherited)",
					"@executable_path/Frameworks",
				);
				MARKETING_VERSION = 1.0;
				PRODUCT_BUNDLE_IDENTIFIER = com.assignment.app1;
				PRODUCT_NAME = "$(TARGET_NAME)";
				SWIFT_EMIT_LOC_STRINGS = YES;
				SWIFT_VERSION = 5.0;
				TARGETED_DEVICE_FAMILY = "1,2";
			};
			name = Release;
		};
		C77341512D113763009E9021 /* Debug */ = {
			isa = XCBuildConfiguration;
			buildSettings = {
				ALWAYS_EMBED_SWIFT_STANDARD_LIBRARIES = YES;
				BUNDLE_LOADER = "$(TEST_HOST)";
				CODE_SIGN_STYLE = Automatic;
				CURRENT_PROJECT_VERSION = 1;
				DEVELOPMENT_TEAM = XKU3TFWM83;
				GENERATE_INFOPLIST_FILE = YES;
				IPHONEOS_DEPLOYMENT_TARGET = 17.2;
				MARKETING_VERSION = 1.0;
				PRODUCT_BUNDLE_IDENTIFIER = "com.thedivinesparks.newapp.Assignment-SunishRam-KaniniTests";
				PRODUCT_NAME = "$(TARGET_NAME)";
				SWIFT_EMIT_LOC_STRINGS = NO;
				SWIFT_VERSION = 5.0;
				TARGETED_DEVICE_FAMILY = "1,2";
				TEST_HOST = "$(BUILT_PRODUCTS_DIR)/Assignment_SunishRam_Kanini.app/$(BUNDLE_EXECUTABLE_FOLDER_PATH)/Assignment_SunishRam_Kanini";
			};
			name = Debug;
		};
		C77341522D113763009E9021 /* Release */ = {
			isa = XCBuildConfiguration;
			buildSettings = {
				ALWAYS_EMBED_SWIFT_STANDARD_LIBRARIES = YES;
				BUNDLE_LOADER = "$(TEST_HOST)";
				CODE_SIGN_STYLE = Automatic;
				CURRENT_PROJECT_VERSION = 1;
				DEVELOPMENT_TEAM = XKU3TFWM83;
				GENERATE_INFOPLIST_FILE = YES;
				IPHONEOS_DEPLOYMENT_TARGET = 17.2;
				MARKETING_VERSION = 1.0;
				PRODUCT_BUNDLE_IDENTIFIER = "com.thedivinesparks.newapp.Assignment-SunishRam-KaniniTests";
				PRODUCT_NAME = "$(TARGET_NAME)";
				SWIFT_EMIT_LOC_STRINGS = NO;
				SWIFT_VERSION = 5.0;
				TARGETED_DEVICE_FAMILY = "1,2";
				TEST_HOST = "$(BUILT_PRODUCTS_DIR)/Assignment_SunishRam_Kanini.app/$(BUNDLE_EXECUTABLE_FOLDER_PATH)/Assignment_SunishRam_Kanini";
			};
			name = Release;
		};
		C77341542D113763009E9021 /* Debug */ = {
			isa = XCBuildConfiguration;
			buildSettings = {
				ALWAYS_EMBED_SWIFT_STANDARD_LIBRARIES = YES;
				CODE_SIGN_STYLE = Automatic;
				CURRENT_PROJECT_VERSION = 1;
				DEVELOPMENT_TEAM = XKU3TFWM83;
				GENERATE_INFOPLIST_FILE = YES;
				MARKETING_VERSION = 1.0;
				PRODUCT_BUNDLE_IDENTIFIER = "com.thedivinesparks.newapp.Assignment-SunishRam-KaniniUITests";
				PRODUCT_NAME = "$(TARGET_NAME)";
				SWIFT_EMIT_LOC_STRINGS = NO;
				SWIFT_VERSION = 5.0;
				TARGETED_DEVICE_FAMILY = "1,2";
				TEST_TARGET_NAME = Assignment_SunishRam_Kanini;
			};
			name = Debug;
		};
		C77341552D113763009E9021 /* Release */ = {
			isa = XCBuildConfiguration;
			buildSettings = {
				ALWAYS_EMBED_SWIFT_STANDARD_LIBRARIES = YES;
				CODE_SIGN_STYLE = Automatic;
				CURRENT_PROJECT_VERSION = 1;
				DEVELOPMENT_TEAM = XKU3TFWM83;
				GENERATE_INFOPLIST_FILE = YES;
				MARKETING_VERSION = 1.0;
				PRODUCT_BUNDLE_IDENTIFIER = "com.thedivinesparks.newapp.Assignment-SunishRam-KaniniUITests";
				PRODUCT_NAME = "$(TARGET_NAME)";
				SWIFT_EMIT_LOC_STRINGS = NO;
				SWIFT_VERSION = 5.0;
				TARGETED_DEVICE_FAMILY = "1,2";
				TEST_TARGET_NAME = Assignment_SunishRam_Kanini;
			};
			name = Release;
		};
/* End XCBuildConfiguration section */

/* Begin XCConfigurationList section */
		C773411B2D113762009E9021 /* Build configuration list for PBXProject "Assignment_SunishRam_Kanini" */ = {
			isa = XCConfigurationList;
			buildConfigurations = (
				C773414B2D113763009E9021 /* Debug */,
				C773414C2D113763009E9021 /* Release */,
			);
			defaultConfigurationIsVisible = 0;
			defaultConfigurationName = Release;
		};
		C773414D2D113763009E9021 /* Build configuration list for PBXNativeTarget "Assignment_SunishRam_Kanini" */ = {
			isa = XCConfigurationList;
			buildConfigurations = (
				C773414E2D113763009E9021 /* Debug */,
				C773414F2D113763009E9021 /* Release */,
			);
			defaultConfigurationIsVisible = 0;
			defaultConfigurationName = Release;
		};
		C77341502D113763009E9021 /* Build configuration list for PBXNativeTarget "Assignment_SunishRam_KaniniTests" */ = {
			isa = XCConfigurationList;
			buildConfigurations = (
				C77341512D113763009E9021 /* Debug */,
				C77341522D113763009E9021 /* Release */,
			);
			defaultConfigurationIsVisible = 0;
			defaultConfigurationName = Release;
		};
		C77341532D113763009E9021 /* Build configuration list for PBXNativeTarget "Assignment_SunishRam_KaniniUITests" */ = {
			isa = XCConfigurationList;
			buildConfigurations = (
				C77341542D113763009E9021 /* Debug */,
				C77341552D113763009E9021 /* Release */,
			);
			defaultConfigurationIsVisible = 0;
			defaultConfigurationName = Release;
		};
/* End XCConfigurationList section */

/* Begin XCVersionGroup section */
		C773412C2D113762009E9021 /* Assignment_SunishRam_Kanini.xcdatamodeld */ = {
			isa = XCVersionGroup;
			children = (
				C773412D2D113762009E9021 /* Assignment_SunishRam_Kanini.xcdatamodel */,
			);
			currentVersion = C773412D2D113762009E9021 /* Assignment_SunishRam_Kanini.xcdatamodel */;
			path = Assignment_SunishRam_Kanini.xcdatamodeld;
			sourceTree = "<group>";
			versionGroupType = wrapper.xcdatamodel;
		};
/* End XCVersionGroup section */
	};
	rootObject = C77341182D113762009E9021 /* Project object */;
}
