// !$*UTF8*$!
{
	archiveVersion = 1;
	classes = {
	};
	objectVersion = 56;
	objects = {

/* Begin PBXBuildFile section */
		C77341242D113762009E9021 /* AppDelegate.swift in Sources */ = {isa = PBXBuildFile; fileRef = C77341232D113762009E9021 /* AppDelegate.swift */; };
		C77341262D113762009E9021 /* SceneDelegate.swift in Sources */ = {isa = PBXBuildFile; fileRef = C77341252D113762009E9021 /* SceneDelegate.swift */; };
		C77341282D113762009E9021 /* ViewController.swift in Sources */ = {isa = PBXBuildFile; fileRef = C77341272D113762009E9021 /* ViewController.swift */; };
		C773412B2D113762009E9021 /* Main.storyboard in Resources */ = {isa = PBXBuildFile; fileRef = C77341292D113762009E9021 /* Main.storyboard */; };
		C773412E2D113762009E9021 /* Assignment_SunishRam_Kanini.xcdatamodeld in Sources */ = {isa = PBXBuildFile; fileRef = C773412C2D113762009E9021 /* Assignment_SunishRam_Kanini.xcdatamodeld */; };
		C77341302D113763009E9021 /* Assets.xcassets in Resources */ = {isa = PBXBuildFile; fileRef = C773412F2D113763009E9021 /* Assets.xcassets */; };
		C77341332D113763009E9021 /* LaunchScreen.storyboard in Resources */ = {isa = PBXBuildFile; fileRef = C77341312D113763009E9021 /* LaunchScreen.storyboard */; };
		C773413E2D113763009E9021 /* Assignment_SunishRam_KaniniTests.swift in Sources */ = {isa = PBXBuildFile; fileRef = C773413D2D113763009E9021 /* Assignment_SunishRam_KaniniTests.swift */; };
		C77341482D113763009E9021 /* Assignment_SunishRam_KaniniUITests.swift in Sources */ = {isa = PBXBuildFile; fileRef = C77341472D113763009E9021 /* Assignment_SunishRam_KaniniUITests.swift */; };
		C773414A2D113763009E9021 /* Assignment_SunishRam_KaniniUITestsLaunchTests.swift in Sources */ = {isa = PBXBuildFile; fileRef = C77341492D113763009E9021 /* Assignment_SunishRam_KaniniUITestsLaunchTests.swift */; };
/* End PBXBuildFile section */

/* Begin PBXContainerItemProxy section */
		C773413A2D113763009E9021 /* PBXContainerItemProxy */ = {
			isa = PBXContainerItemProxy;
			containerPortal = C77341182D113762009E9021 /* Project object */;
			proxyType = 1;
			remoteGlobalIDString = C773411F2D113762009E9021;
			remoteInfo = Assignment_SunishRam_Kanini;
		};
		C77341442D113763009E9021 /* PBXContainerItemProxy */ = {
			isa = PBXContainerItemProxy;
			containerPortal = C77341182D113762009E9021 /* Project object */;
			proxyType = 1;
			remoteGlobalIDString = C773411F2D113762009E9021;
			remoteInfo = Assignment_SunishRam_Kanini;
		};
/* End PBXContainerItemProxy section */

/* Begin PBXFileReference section */
		C77341202D113762009E9021 /* Assignment_SunishRam_Kanini.app */ = {isa = PBXFileReference; explicitFileType = wrapper.application; includeInIndex = 0; path = Assignment_SunishRam_Kanini.app; sourceTree = BUILT_PRODUCTS_DIR; };
		C77341232D113762009E9021 /* AppDelegate.swift */ = {isa = PBXFileReference; lastKnownFileType = sourcecode.swift; path = AppDelegate.swift; sourceTree = "<group>"; };
		C77341252D113762009E9021 /* SceneDelegate.swift */ = {isa = PBXFileReference; lastKnownFileType = sourcecode.swift; path = SceneDelegate.swift; sourceTree = "<group>"; };
		C77341272D113762009E9021 /* ViewController.swift */ = {isa = PBXFileReference; lastKnownFileType = sourcecode.swift; path = ViewController.swift; sourceTree = "<group>"; };
		C773412A2D113762009E9021 /* Base */ = {isa = PBXFileReference; lastKnownFileType = file.storyboard; name = Base; path = Base.lproj/Main.storyboard; sourceTree = "<group>"; };
		C773412D2D113762009E9021 /* Assignment_SunishRam_Kanini.xcdatamodel */ = {isa = PBXFileReference; lastKnownFileType = wrapper.xcdatamodel; path = Assignment_SunishRam_Kanini.xcdatamodel; sourceTree = "<group>"; };
		C773412F2D113763009E9021 /* Assets.xcassets */ = {isa = PBXFileReference; lastKnownFileType = folder.assetcatalog; path = Assets.xcassets; sourceTree = "<group>"; };
		C77341322D113763009E9021 /* Base */ = {isa = PBXFileReference; lastKnownFileType = file.storyboard; name = Base; path = Base.lproj/LaunchScreen.storyboard; sourceTree = "<group>"; };
		C77341342D113763009E9021 /* Info.plist */ = {isa = PBXFileReference; lastKnownFileType = text.plist.xml; path = Info.plist; sourceTree = "<group>"; };
		C77341392D113763009E9021 /* Assignment_SunishRam_KaniniTests.xctest */ = {isa = PBXFileReference; explicitFileType = wrapper.cfbundle; includeInIndex = 0; path = Assignment_SunishRam_KaniniTests.xctest; sourceTree = BUILT_PRODUCTS_DIR; };
		C773413D2D113763009E9021 /* Assignment_SunishRam_KaniniTests.swift */ = {isa = PBXFileReference; lastKnownFileType = sourcecode.swift; path = Assignment_SunishRam_KaniniTests.swift; sourceTree = "<group>"; };
		C77341432D113763009E9021 /* Assignment_SunishRam_KaniniUITests.xctest */ = {isa = PBXFileReference; explicitFileType = wrapper.cfbundle; includeInIndex = 0; path = Assignment_SunishRam_KaniniUITests.xctest; sourceTree = BUILT_PRODUCTS_DIR; };
		C77341472D113763009E9021 /* Assignment_SunishRam_KaniniUITests.swift */ = {isa = PBXFileReference; lastKnownFileType = sourcecode.swift; path = Assignment_SunishRam_KaniniUITests.swift; sourceTree = "<group>"; };
		C77341492D113763009E9021 /* Assignment_SunishRam_KaniniUITestsLaunchTests.swift */ = {isa = PBXFileReference; lastKnownFileType = sourcecode.swift; path = Assignment_SunishRam_KaniniUITestsLaunchTests.swift; sourceTree = "<group>"; };
/* End PBXFileReference section */

/* Begin PBXFrameworksBuildPhase section */
		C773411D2D113762009E9021 /* Frameworks */ = {
			isa = PBXFrameworksBuildPhase;
			buildActionMask = 2147483647;
			files = (
			);
			runOnlyForDeploymentPostprocessing = 0;
		};
		C77341362D113763009E9021 /* Frameworks */ = {
			isa = PBXFrameworksBuildPhase;
			buildActionMask = 2147483647;
			files = (
			);
			runOnlyForDeploymentPostprocessing = 0;
		};
		C77341402D113763009E9021 /* Frameworks */ = {
			isa = PBXFrameworksBuildPhase;
			buildActionMask = 2147483647;
			files = (
			);
			runOnlyForDeploymentPostprocessing = 0;
		};
/* End PBXFrameworksBuildPhase section */

/* Begin PBXGroup section */
		C77341172D113762009E9021 = {
			isa = PBXGroup;
			children = (
				C77341222D113762009E9021 /* Assignment_SunishRam_Kanini */,
				C773413C2D113763009E9021 /* Assignment_SunishRam_KaniniTests */,
				C77341462D113763009E9021 /* Assignment_SunishRam_KaniniUITests */,
				C77341212D113762009E9021 /* Products */,
			);
			sourceTree = "<group>";
		};
		C77341212D113762009E9021 /* Products */ = {
			isa = PBXGroup;
			children = (
				C77341202D113762009E9021 /* Assignment_SunishRam_Kanini.app */,
				C77341392D113763009E9021 /* Assignment_SunishRam_KaniniTests.xctest */,
				C77341432D113763009E9021 /* Assignment_SunishRam_KaniniUITests.xctest */,
			);
			name = Products;
			sourceTree = "<group>";
		};
		C77341222D113762009E9021 /* Assignment_SunishRam_Kanini */ = {
			isa = PBXGroup;
			children = (
				C77341232D113762009E9021 /* AppDelegate.swift */,
				C77341252D113762009E9021 /* SceneDelegate.swift */,
				C77341272D113762009E9021 /* ViewController.swift */,
				C77341292D113762009E9021 /* Main.storyboard */,
				C773412F2D113763009E9021 /* Assets.xcassets */,
				C77341312D113763009E9021 /* LaunchScreen.storyboard */,
				C77341342D113763009E9021 /* Info.plist */,
				C773412C2D113762009E9021 /* Assignment_SunishRam_Kanini.xcdatamodeld */,
			);
			path = Assignment_SunishRam_Kanini;
			sourceTree = "<group>";
		};
		C773413C2D113763009E9021 /* Assignment_SunishRam_KaniniTests */ = {
			isa = PBXGroup;
			children = (
				C773413D2D113763009E9021 /* Assignment_SunishRam_KaniniTests.swift */,
			);
			path = Assignment_SunishRam_KaniniTests;
			sourceTree = "<group>";
		};
		C77341462D113763009E9021 /* Assignment_SunishRam_KaniniUITests */ = {
			isa = PBXGroup;
			children = (
				C77341472D113763009E9021 /* Assignment_SunishRam_KaniniUITests.swift */,
				C77341492D113763009E9021 /* Assignment_SunishRam_KaniniUITestsLaunchTests.swift */,
			);
			path = Assignment_SunishRam_KaniniUITests;
			sourceTree = "<group>";
		};
/* End PBXGroup section */

/* Begin PBXNativeTarget section */
		C773411F2D113762009E9021 /* Assignment_SunishRam_Kanini */ = {
			isa = PBXNativeTarget;
			buildConfigurationList = C773414D2D113763009E9021 /* Build configuration list for PBXNativeTarget "Assignment_SunishRam_Kanini" */;
			buildPhases = (
				C773411C2D113762009E9021 /* Sources */,
				C773411D2D113762009E9021 /* Frameworks */,
				C773411E2D113762009E9021 /* Resources */,
			);
			buildRules = (
			);
			dependencies = (
			);
			name = Assignment_SunishRam_Kanini;
			productName = Assignment_SunishRam_Kanini;
			productReference = C77341202D113762009E9021 /* Assignment_SunishRam_Kanini.app */;
			productType = "com.apple.product-type.application";
		};
		C77341382D113763009E9021 /* Assignment_SunishRam_KaniniTests */ = {
			isa = PBXNativeTarget;
			buildConfigurationList = C77341502D113763009E9021 /* Build configuration list for PBXNativeTarget "Assignment_SunishRam_KaniniTests" */;
			buildPhases = (
				C77341352D113763009E9021 /* Sources */,
				C77341362D113763009E9021 /* Frameworks */,
				C77341372D113763009E9021 /* Resources */,
			);
			buildRules = (
			);
			dependencies = (
				C773413B2D113763009E9021 /* PBXTargetDependency */,
			);
			name = Assignment_SunishRam_KaniniTests;
			productName = Assignment_SunishRam_KaniniTests;
			productReference = C77341392D113763009E9021 /* Assignment_SunishRam_KaniniTests.xctest */;
			productType = "com.apple.product-type.bundle.unit-test";
		};
		C77341422D113763009E9021 /* Assignment_SunishRam_KaniniUITests */ = {
			isa = PBXNativeTarget;
			buildConfigurationList = C77341532D113763009E9021 /* Build configuration list for PBXNativeTarget "Assignment_SunishRam_KaniniUITests" */;
			buildPhases = (
				C773413F2D113763009E9021 /* Sources */,
				C77341402D113763009E9021 /* Frameworks */,
				C77341412D113763009E9021 /* Resources */,
			);
			buildRules = (
			);
			dependencies = (
				C77341452D113763009E9021 /* PBXTargetDependency */,
			);
			name = Assignment_SunishRam_KaniniUITests;
			productName = Assignment_SunishRam_KaniniUITests;
			productReference = C77341432D113763009E9021 /* Assignment_SunishRam_KaniniUITests.xctest */;
			productType = "com.apple.product-type.bundle.ui-testing";
		};
/* End PBXNativeTarget section */

/* Begin PBXProject section */
		C77341182D113762009E9021 /* Project object */ = {
			isa = PBXProject;
			attributes = {
				BuildIndependentTargetsInParallel = 1;
				LastSwiftUpdateCheck = 1520;
				LastUpgradeCheck = 1520;
				TargetAttributes = {
					C773411F2D113762009E9021 = {
						CreatedOnToolsVersion = 15.2;
					};
					C77341382D113763009E9021 = {
						CreatedOnToolsVersion = 15.2;
						TestTargetID = C773411F2D113762009E9021;
					};
					C77341422D113763009E9021 = {
						CreatedOnToolsVersion = 15.2;
						TestTargetID = C773411F2D113762009E9021;
					};
				};
			};
			buildConfigurationList = C773411B2D113762009E9021 /* Build configuration list for PBXProject "Assignment_SunishRam_Kanini" */;
			compatibilityVersion = "Xcode 14.0";
			developmentRegion = en;
			hasScannedForEncodings = 0;
			knownRegions = (
				en,
				Base,
			);
			mainGroup = C77341172D113762009E9021;
			productRefGroup = C77341212D113762009E9021 /* Products */;
			projectDirPath = "";
			projectRoot = "";
			targets = (
				C773411F2D113762009E9021 /* Assignment_SunishRam_Kanini */,
				C77341382D113763009E9021 /* Assignment_SunishRam_KaniniTests */,
				C77341422D113763009E9021 /* Assignment_SunishRam_KaniniUITests */,
			);
		};
/* End PBXProject section */

/* Begin PBXResourcesBuildPhase section */
		C773411E2D113762009E9021 /* Resources */ = {
			isa = PBXResourcesBuildPhase;
			buildActionMask = 2147483647;
			files = (
				C77341332D113763009E9021 /* LaunchScreen.storyboard in Resources */,
				C77341302D113763009E9021 /* Assets.xcassets in Resources */,
				C773412B2D113762009E9021 /* Main.storyboard in Resources */,
			);
			runOnlyForDeploymentPostprocessing = 0;
		};
		C77341372D113763009E9021 /* Resources */ = {
			isa = PBXResourcesBuildPhase;
			buildActionMask = 2147483647;
			files = (
			);
			runOnlyForDeploymentPostprocessing = 0;
		};
		C77341412D113763009E9021 /* Resources */ = {
			isa = PBXResourcesBuildPhase;
			buildActionMask = 2147483647;
			files = (
			);
			runOnlyForDeploymentPostprocessing = 0;
		};
/* End PBXResourcesBuildPhase section */

/* Begin PBXSourcesBuildPhase section */
		C773411C2D113762009E9021 /* Sources */ = {
			isa = PBXSourcesBuildPhase;
			buildActionMask = 2147483647;
			files = (
				C77341282D113762009E9021 /* ViewController.swift in Sources */,
				C77341242D113762009E9021 /* AppDelegate.swift in Sources */,
				C77341262D113762009E9021 /* SceneDelegate.swift in Sources */,
				C773412E2D113762009E9021 /* Assignment_SunishRam_Kanini.xcdatamodeld in Sources */,
			);
			runOnlyForDeploymentPostprocessing = 0;
		};
		C77341352D113763009E9021 /* Sources */ = {
			isa = PBXSourcesBuildPhase;
			buildActionMask = 2147483647;
			files = (
				C773413E2D113763009E9021 /* Assignment_SunishRam_KaniniTests.swift in Sources */,
			);
			runOnlyForDeploymentPostprocessing = 0;
		};
		C773413F2D113763009E9021 /* Sources */ = {
			isa = PBXSourcesBuildPhase;
			buildActionMask = 2147483647;
			files = (
				C773414A2D113763009E9021 /* Assignment_SunishRam_KaniniUITestsLaunchTests.swift in Sources */,
				C77341482D113763009E9021 /* Assignment_SunishRam_KaniniUITests.swift in Sources */,
			);
			runOnlyForDeploymentPostprocessing = 0;
		};
/* End PBXSourcesBuildPhase section */

/* Begin PBXTargetDependency section */
		C773413B2D113763009E9021 /* PBXTargetDependency */ = {
			isa = PBXTargetDependency;
			target = C773411F2D113762009E9021 /* Assignment_SunishRam_Kanini */;
			targetProxy = C773413A2D113763009E9021 /* PBXContainerItemProxy */;
		};
		C77341452D113763009E9021 /* PBXTargetDependency */ = {
			isa = PBXTargetDependency;
			target = C773411F2D113762009E9021 /* Assignment_SunishRam_Kanini */;
			targetProxy = C77341442D113763009E9021 /* PBXContainerItemProxy */;
		};
/* End PBXTargetDependency section */

/* Begin PBXVariantGroup section */
		C77341292D113762009E9021 /* Main.storyboard */ = {
			isa = PBXVariantGroup;
			children = (
				C773412A2D113762009E9021 /* Base */,
			);
			name = Main.storyboard;
			sourceTree = "<group>";
		};
		C77341312D113763009E9021 /* LaunchScreen.storyboard */ = {
			isa = PBXVariantGroup;
			children = (
				C77341322D113763009E9021 /* Base */,
			);
			name = LaunchScreen.storyboard;
			sourceTree = "<group>";
		};
/* End PBXVariantGroup section */

/* Begin XCBuildConfiguration section */
		C773414B2D113763009E9021 /* Debug */ = {
			isa = XCBuildConfiguration;
			buildSettings = {
				ALWAYS_SEARCH_USER_PATHS = NO;
				ASSETCATALOG_COMPILER_GENERATE_SWIFT_ASSET_SYMBOL_EXTENSIONS = YES;
				CLANG_ANALYZER_NONNULL = YES;
				CLANG_ANALYZER_NUMBER_OBJECT_CONVERSION = YES_AGGRESSIVE;
				CLANG_CXX_LANGUAGE_STANDARD = "gnu++20";
				CLANG_ENABLE_MODULES = YES;
				CLANG_ENABLE_OBJC_ARC = YES;
				CLANG_ENABLE_OBJC_WEAK = YES;
				CLANG_WARN_BLOCK_CAPTURE_AUTORELEASING = YES;
				CLANG_WARN_BOOL_CONVERSION = YES;
				CLANG_WARN_COMMA = YES;
				CLANG_WARN_CONSTANT_CONVERSION = YES;
				CLANG_WARN_DEPRECATED_OBJC_IMPLEMENTATIONS = YES;
				CLANG_WARN_DIRECT_OBJC_ISA_USAGE = YES_ERROR;
				CLANG_WARN_DOCUMENTATION_COMMENTS = YES;
				CLANG_WARN_EMPTY_BODY = YES;
				CLANG_WARN_ENUM_CONVERSION = YES;
				CLANG_WARN_INFINITE_RECURSION = YES;
				CLANG_WARN_INT_CONVERSION = YES;
				CLANG_WARN_NON_LITERAL_NULL_CONVERSION = YES;
				CLANG_WARN_OBJC_IMPLICIT_RETAIN_SELF = YES;
				CLANG_WARN_OBJC_LITERAL_CONVERSION = YES;
				CLANG_WARN_OBJC_ROOT_CLASS = YES_ERROR;
				CLANG_WARN_QUOTED_INCLUDE_IN_FRAMEWORK_HEADER = YES;
				CLANG_WARN_RANGE_LOOP_ANALYSIS = YES;
				CLANG_WARN_STRICT_PROTOTYPES = YES;
				CLANG_WARN_SUSPICIOUS_MOVE = YES;
				CLANG_WARN_UNGUARDED_AVAILABILITY = YES_AGGRESSIVE;
				CLANG_WARN_UNREACHABLE_CODE = YES;
				CLANG_WARN__DUPLICATE_METHOD_MATCH = YES;
				COPY_PHASE_STRIP = NO;
				DEBUG_INFORMATION_FORMAT = dwarf;
				ENABLE_STRICT_OBJC_MSGSEND = YES;
				ENABLE_TESTABILITY = YES;
				ENABLE_USER_SCRIPT_SANDBOXING = YES;
				GCC_C_LANGUAGE_STANDARD = gnu17;
				GCC_DYNAMIC_NO_PIC = NO;
				GCC_NO_COMMON_BLOCKS = YES;
				GCC_OPTIMIZATION_LEVEL = 0;
				GCC_PREPROCESSOR_DEFINITIONS = (
					"DEBUG=1",
					"$(inherited)",
				);
				GCC_WARN_64_TO_32_BIT_CONVERSION = YES;
				GCC_WARN_ABOUT_RETURN_TYPE = YES_ERROR;
				GCC_WARN_UNDECLARED_SELECTOR = YES;
				GCC_WARN_UNINITIALIZED_AUTOS = YES_AGGRESSIVE;
				GCC_WARN_UNUSED_FUNCTION = YES;
				GCC_WARN_UNUSED_VARIABLE = YES;
				IPHONEOS_DEPLOYMENT_TARGET = 17.2;
				LOCALIZATION_PREFERS_STRING_CATALOGS = YES;
				MTL_ENABLE_DEBUG_INFO = INCLUDE_SOURCE;
				MTL_FAST_MATH = YES;
				ONLY_ACTIVE_ARCH = YES;
				SDKROOT = iphoneos;
				SWIFT_ACTIVE_COMPILATION_CONDITIONS = "DEBUG $(inherited)";
				SWIFT_OPTIMIZATION_LEVEL = "-Onone";
			};
			name = Debug;
		};
		C773414C2D113763009E9021 /* Release */ = {
			isa = XCBuildConfiguration;
			buildSettings = {
				ALWAYS_SEARCH_USER_PATHS = NO;
				ASSETCATALOG_COMPILER_GENERATE_SWIFT_ASSET_SYMBOL_EXTENSIONS = YES;
				CLANG_ANALYZER_NONNULL = YES;
				CLANG_ANALYZER_NUMBER_OBJECT_CONVERSION = YES_AGGRESSIVE;
				CLANG_CXX_LANGUAGE_STANDARD = "gnu++20";
				CLANG_ENABLE_MODULES = YES;
				CLANG_ENABLE_OBJC_ARC = YES;
				CLANG_ENABLE_OBJC_WEAK = YES;
				CLANG_WARN_BLOCK_CAPTURE_AUTORELEASING = YES;
				CLANG_WARN_BOOL_CONVERSION = YES;
				CLANG_WARN_COMMA = YES;
				CLANG_WARN_CONSTANT_CONVERSION = YES;
				CLANG_WARN_DEPRECATED_OBJC_IMPLEMENTATIONS = YES;
				CLANG_WARN_DIRECT_OBJC_ISA_USAGE = YES_ERROR;
				CLANG_WARN_DOCUMENTATION_COMMENTS = YES;
				CLANG_WARN_EMPTY_BODY = YES;
				CLANG_WARN_ENUM_CONVERSION = YES;
				CLANG_WARN_INFINITE_RECURSION = YES;
				CLANG_WARN_INT_CONVERSION = YES;
				CLANG_WARN_NON_LITERAL_NULL_CONVERSION = YES;
				CLANG_WARN_OBJC_IMPLICIT_RETAIN_SELF = YES;
				CLANG_WARN_OBJC_LITERAL_CONVERSION = YES;
				CLANG_WARN_OBJC_ROOT_CLASS = YES_ERROR;
				CLANG_WARN_QUOTED_INCLUDE_IN_FRAMEWORK_HEADER = YES;
				CLANG_WARN_RANGE_LOOP_ANALYSIS = YES;
				CLANG_WARN_STRICT_PROTOTYPES = YES;
				CLANG_WARN_SUSPICIOUS_MOVE = YES;
				CLANG_WARN_UNGUARDED_AVAILABILITY = YES_AGGRESSIVE;
				CLANG_WARN_UNREACHABLE_CODE = YES;
				CLANG_WARN__DUPLICATE_METHOD_MATCH = YES;
				COPY_PHASE_STRIP = NO;
				DEBUG_INFORMATION_FORMAT = "dwarf-with-dsym";
				ENABLE_NS_ASSERTIONS = NO;
				ENABLE_STRICT_OBJC_MSGSEND = YES;
				ENABLE_USER_SCRIPT_SANDBOXING = YES;
				GCC_C_LANGUAGE_STANDARD = gnu17;
				GCC_NO_COMMON_BLOCKS = YES;
				GCC_WARN_64_TO_32_BIT_CONVERSION = YES;
				GCC_WARN_ABOUT_RETURN_TYPE = YES_ERROR;
				GCC_WARN_UNDECLARED_SELECTOR = YES;
				GCC_WARN_UNINITIALIZED_AUTOS = YES_AGGRESSIVE;
				GCC_WARN_UNUSED_FUNCTION = YES;
				GCC_WARN_UNUSED_VARIABLE = YES;
				IPHONEOS_DEPLOYMENT_TARGET = 17.2;
				LOCALIZATION_PREFERS_STRING_CATALOGS = YES;
				MTL_ENABLE_DEBUG_INFO = NO;
				MTL_FAST_MATH = YES;
				SDKROOT = iphoneos;
				SWIFT_COMPILATION_MODE = wholemodule;
				VALIDATE_PRODUCT = YES;
			};
			name = Release;
		};
		C773414E2D113763009E9021 /* Debug */ = {
			isa = XCBuildConfiguration;
			buildSettings = {
				ASSETCATALOG_COMPILER_APPICON_NAME = AppIcon;
				ASSETCATALOG_COMPILER_GLOBAL_ACCENT_COLOR_NAME = AccentColor;
				CODE_SIGN_STYLE = Automatic;
				CURRENT_PROJECT_VERSION = 1;
				DEVELOPMENT_TEAM = XKU3TFWM83;
				GENERATE_INFOPLIST_FILE = YES;
				INFOPLIST_FILE = Assignment_SunishRam_Kanini/Info.plist;
				INFOPLIST_KEY_UIApplicationSupportsIndirectInputEvents = YES;
				INFOPLIST_KEY_UILaunchStoryboardName = LaunchScreen;
				INFOPLIST_KEY_UIMainStoryboardFile = Main;
				INFOPLIST_KEY_UISupportedInterfaceOrientations_iPad = "UIInterfaceOrientationPortrait UIInterfaceOrientationPortraitUpsideDown UIInterfaceOrientationLandscapeLeft UIInterfaceOrientationLandscapeRight";
				INFOPLIST_KEY_UISupportedInterfaceOrientations_iPhone = "UIInterfaceOrientationPortrait UIInterfaceOrientationLandscapeLeft UIInterfaceOrientationLandscapeRight";
				LD_RUNPATH_SEARCH_PATHS = (
					"$(inherited)",
					"@executable_path/Frameworks",
				);
				MARKETING_VERSION = 1.0;
				PRODUCT_BUNDLE_IDENTIFIER = "com.thedivinesparks.newapp.Assignment-SunishRam-Kanini";
				PRODUCT_NAME = "$(TARGET_NAME)";
				SWIFT_EMIT_LOC_STRINGS = YES;
				SWIFT_VERSION = 5.0;
				TARGETED_DEVICE_FAMILY = "1,2";
			};
			name = Debug;
		};
		C773414F2D113763009E9021 /* Release */ = {
			isa = XCBuildConfiguration;
			buildSettings = {
				ASSETCATALOG_COMPILER_APPICON_NAME = AppIcon;
				ASSETCATALOG_COMPILER_GLOBAL_ACCENT_COLOR_NAME = AccentColor;
				CODE_SIGN_STYLE = Automatic;
				CURRENT_PROJECT_VERSION = 1;
				DEVELOPMENT_TEAM = XKU3TFWM83;
				GENERATE_INFOPLIST_FILE = YES;
				INFOPLIST_FILE = Assignment_SunishRam_Kanini/Info.plist;
				INFOPLIST_KEY_UIApplicationSupportsIndirectInputEvents = YES;
				INFOPLIST_KEY_UILaunchStoryboardName = LaunchScreen;
				INFOPLIST_KEY_UIMainStoryboardFile = Main;
				INFOPLIST_KEY_UISupportedInterfaceOrientations_iPad = "UIInterfaceOrientationPortrait UIInterfaceOrientationPortraitUpsideDown UIInterfaceOrientationLandscapeLeft UIInterfaceOrientationLandscapeRight";
				INFOPLIST_KEY_UISupportedInterfaceOrientations_iPhone = "UIInterfaceOrientationPortrait UIInterfaceOrientationLandscapeLeft UIInterfaceOrientationLandscapeRight";
				LD_RUNPATH_SEARCH_PATHS = (
					"$(inherited)",
					"@executable_path/Frameworks",
				);
				MARKETING_VERSION = 1.0;
				PRODUCT_BUNDLE_IDENTIFIER = "com.thedivinesparks.newapp.Assignment-SunishRam-Kanini";
				PRODUCT_NAME = "$(TARGET_NAME)";
				SWIFT_EMIT_LOC_STRINGS = YES;
				SWIFT_VERSION = 5.0;
				TARGETED_DEVICE_FAMILY = "1,2";
			};
			name = Release;
		};
		C77341512D113763009E9021 /* Debug */ = {
			isa = XCBuildConfiguration;
			buildSettings = {
				ALWAYS_EMBED_SWIFT_STANDARD_LIBRARIES = YES;
				BUNDLE_LOADER = "$(TEST_HOST)";
				CODE_SIGN_STYLE = Automatic;
				CURRENT_PROJECT_VERSION = 1;
				DEVELOPMENT_TEAM = XKU3TFWM83;
				GENERATE_INFOPLIST_FILE = YES;
				IPHONEOS_DEPLOYMENT_TARGET = 17.2;
				MARKETING_VERSION = 1.0;
				PRODUCT_BUNDLE_IDENTIFIER = "com.thedivinesparks.newapp.Assignment-SunishRam-KaniniTests";
				PRODUCT_NAME = "$(TARGET_NAME)";
				SWIFT_EMIT_LOC_STRINGS = NO;
				SWIFT_VERSION = 5.0;
				TARGETED_DEVICE_FAMILY = "1,2";
				TEST_HOST = "$(BUILT_PRODUCTS_DIR)/Assignment_SunishRam_Kanini.app/$(BUNDLE_EXECUTABLE_FOLDER_PATH)/Assignment_SunishRam_Kanini";
			};
			name = Debug;
		};
		C77341522D113763009E9021 /* Release */ = {
			isa = XCBuildConfiguration;
			buildSettings = {
				ALWAYS_EMBED_SWIFT_STANDARD_LIBRARIES = YES;
				BUNDLE_LOADER = "$(TEST_HOST)";
				CODE_SIGN_STYLE = Automatic;
				CURRENT_PROJECT_VERSION = 1;
				DEVELOPMENT_TEAM = XKU3TFWM83;
				GENERATE_INFOPLIST_FILE = YES;
				IPHONEOS_DEPLOYMENT_TARGET = 17.2;
				MARKETING_VERSION = 1.0;
				PRODUCT_BUNDLE_IDENTIFIER = "com.thedivinesparks.newapp.Assignment-SunishRam-KaniniTests";
				PRODUCT_NAME = "$(TARGET_NAME)";
				SWIFT_EMIT_LOC_STRINGS = NO;
				SWIFT_VERSION = 5.0;
				TARGETED_DEVICE_FAMILY = "1,2";
				TEST_HOST = "$(BUILT_PRODUCTS_DIR)/Assignment_SunishRam_Kanini.app/$(BUNDLE_EXECUTABLE_FOLDER_PATH)/Assignment_SunishRam_Kanini";
			};
			name = Release;
		};
		C77341542D113763009E9021 /* Debug */ = {
			isa = XCBuildConfiguration;
			buildSettings = {
				ALWAYS_EMBED_SWIFT_STANDARD_LIBRARIES = YES;
				CODE_SIGN_STYLE = Automatic;
				CURRENT_PROJECT_VERSION = 1;
				DEVELOPMENT_TEAM = XKU3TFWM83;
				GENERATE_INFOPLIST_FILE = YES;
				MARKETING_VERSION = 1.0;
				PRODUCT_BUNDLE_IDENTIFIER = "com.thedivinesparks.newapp.Assignment-SunishRam-KaniniUITests";
				PRODUCT_NAME = "$(TARGET_NAME)";
				SWIFT_EMIT_LOC_STRINGS = NO;
				SWIFT_VERSION = 5.0;
				TARGETED_DEVICE_FAMILY = "1,2";
				TEST_TARGET_NAME = Assignment_SunishRam_Kanini;
			};
			name = Debug;
		};
		C77341552D113763009E9021 /* Release */ = {
			isa = XCBuildConfiguration;
			buildSettings = {
				ALWAYS_EMBED_SWIFT_STANDARD_LIBRARIES = YES;
				CODE_SIGN_STYLE = Automatic;
				CURRENT_PROJECT_VERSION = 1;
				DEVELOPMENT_TEAM = XKU3TFWM83;
				GENERATE_INFOPLIST_FILE = YES;
				MARKETING_VERSION = 1.0;
				PRODUCT_BUNDLE_IDENTIFIER = "com.thedivinesparks.newapp.Assignment-SunishRam-KaniniUITests";
				PRODUCT_NAME = "$(TARGET_NAME)";
				SWIFT_EMIT_LOC_STRINGS = NO;
				SWIFT_VERSION = 5.0;
				TARGETED_DEVICE_FAMILY = "1,2";
				TEST_TARGET_NAME = Assignment_SunishRam_Kanini;
			};
			name = Release;
		};
/* End XCBuildConfiguration section */

/* Begin XCConfigurationList section */
		C773411B2D113762009E9021 /* Build configuration list for PBXProject "Assignment_SunishRam_Kanini" */ = {
			isa = XCConfigurationList;
			buildConfigurations = (
				C773414B2D113763009E9021 /* Debug */,
				C773414C2D113763009E9021 /* Release */,
			);
			defaultConfigurationIsVisible = 0;
			defaultConfigurationName = Release;
		};
		C773414D2D113763009E9021 /* Build configuration list for PBXNativeTarget "Assignment_SunishRam_Kanini" */ = {
			isa = XCConfigurationList;
			buildConfigurations = (
				C773414E2D113763009E9021 /* Debug */,
				C773414F2D113763009E9021 /* Release */,
			);
			defaultConfigurationIsVisible = 0;
			defaultConfigurationName = Release;
		};
		C77341502D113763009E9021 /* Build configuration list for PBXNativeTarget "Assignment_SunishRam_KaniniTests" */ = {
			isa = XCConfigurationList;
			buildConfigurations = (
				C77341512D113763009E9021 /* Debug */,
				C77341522D113763009E9021 /* Release */,
			);
			defaultConfigurationIsVisible = 0;
			defaultConfigurationName = Release;
		};
		C77341532D113763009E9021 /* Build configuration list for PBXNativeTarget "Assignment_SunishRam_KaniniUITests" */ = {
			isa = XCConfigurationList;
			buildConfigurations = (
				C77341542D113763009E9021 /* Debug */,
				C77341552D113763009E9021 /* Release */,
			);
			defaultConfigurationIsVisible = 0;
			defaultConfigurationName = Release;
		};
/* End XCConfigurationList section */

/* Begin XCVersionGroup section */
		C773412C2D113762009E9021 /* Assignment_SunishRam_Kanini.xcdatamodeld */ = {
			isa = XCVersionGroup;
			children = (
				C773412D2D113762009E9021 /* Assignment_SunishRam_Kanini.xcdatamodel */,
			);
			currentVersion = C773412D2D113762009E9021 /* Assignment_SunishRam_Kanini.xcdatamodel */;
			path = Assignment_SunishRam_Kanini.xcdatamodeld;
			sourceTree = "<group>";
			versionGroupType = wrapper.xcdatamodel;
		};
/* End XCVersionGroup section */
	};
	rootObject = C77341182D113762009E9021 /* Project object */;
}
